// !$*UTF8*$!
{
	archiveVersion = 1;
	classes = {
	};
	objectVersion = 50;
	objects = {

/* Begin PBXBuildFile section */
		FA7DC78C25F02F9200D258D8 /* main.m in Sources */ = {isa = PBXBuildFile; fileRef = FA7DC78B25F02F9200D258D8 /* main.m */; };
		FA7DC79525F0313D00D258D8 /* InputHandler.m in Sources */ = {isa = PBXBuildFile; fileRef = FA7DC79425F0313D00D258D8 /* InputHandler.m */; };
		FA7DC79B25F03CB500D258D8 /* PaymentGateway.m in Sources */ = {isa = PBXBuildFile; fileRef = FA7DC79A25F03CB500D258D8 /* PaymentGateway.m */; };
		FA7DC7A025F04F7200D258D8 /* StripePaymentService.m in Sources */ = {isa = PBXBuildFile; fileRef = FA7DC79F25F04F7200D258D8 /* StripePaymentService.m */; };
		FA7DC7A625F04F9F00D258D8 /* AmazonPaymentService.m in Sources */ = {isa = PBXBuildFile; fileRef = FA7DC7A525F04F9F00D258D8 /* AmazonPaymentService.m */; };
		FA7DC7AC25F04FBD00D258D8 /* PaypalPaymentService.m in Sources */ = {isa = PBXBuildFile; fileRef = FA7DC7AB25F04FBD00D258D8 /* PaypalPaymentService.m */; };
		FA7DC7C425F0D4CD00D258D8 /* ApplePaymentService.m in Sources */ = {isa = PBXBuildFile; fileRef = FA7DC7C325F0D4CD00D258D8 /* ApplePaymentService.m */; };
/* End PBXBuildFile section */

/* Begin PBXCopyFilesBuildPhase section */
		FA7DC78625F02F9200D258D8 /* CopyFiles */ = {
			isa = PBXCopyFilesBuildPhase;
			buildActionMask = 2147483647;
			dstPath = /usr/share/man/man1/;
			dstSubfolderSpec = 0;
			files = (
			);
			runOnlyForDeploymentPostprocessing = 1;
		};
/* End PBXCopyFilesBuildPhase section */

/* Begin PBXFileReference section */
		FA7DC78825F02F9200D258D8 /* Payments */ = {isa = PBXFileReference; explicitFileType = "compiled.mach-o.executable"; includeInIndex = 0; path = Payments; sourceTree = BUILT_PRODUCTS_DIR; };
		FA7DC78B25F02F9200D258D8 /* main.m */ = {isa = PBXFileReference; lastKnownFileType = sourcecode.c.objc; path = main.m; sourceTree = "<group>"; };
		FA7DC79325F0313D00D258D8 /* InputHandler.h */ = {isa = PBXFileReference; lastKnownFileType = sourcecode.c.h; path = InputHandler.h; sourceTree = "<group>"; };
		FA7DC79425F0313D00D258D8 /* InputHandler.m */ = {isa = PBXFileReference; lastKnownFileType = sourcecode.c.objc; path = InputHandler.m; sourceTree = "<group>"; };
		FA7DC79925F03CB500D258D8 /* PaymentGateway.h */ = {isa = PBXFileReference; lastKnownFileType = sourcecode.c.h; path = PaymentGateway.h; sourceTree = "<group>"; };
		FA7DC79A25F03CB500D258D8 /* PaymentGateway.m */ = {isa = PBXFileReference; lastKnownFileType = sourcecode.c.objc; path = PaymentGateway.m; sourceTree = "<group>"; };
		FA7DC79E25F04F7200D258D8 /* StripePaymentService.h */ = {isa = PBXFileReference; lastKnownFileType = sourcecode.c.h; path = StripePaymentService.h; sourceTree = "<group>"; };
		FA7DC79F25F04F7200D258D8 /* StripePaymentService.m */ = {isa = PBXFileReference; lastKnownFileType = sourcecode.c.objc; path = StripePaymentService.m; sourceTree = "<group>"; };
		FA7DC7A425F04F9F00D258D8 /* AmazonPaymentService.h */ = {isa = PBXFileReference; lastKnownFileType = sourcecode.c.h; path = AmazonPaymentService.h; sourceTree = "<group>"; };
		FA7DC7A525F04F9F00D258D8 /* AmazonPaymentService.m */ = {isa = PBXFileReference; lastKnownFileType = sourcecode.c.objc; path = AmazonPaymentService.m; sourceTree = "<group>"; };
		FA7DC7AA25F04FBD00D258D8 /* PaypalPaymentService.h */ = {isa = PBXFileReference; lastKnownFileType = sourcecode.c.h; path = PaypalPaymentService.h; sourceTree = "<group>"; };
		FA7DC7AB25F04FBD00D258D8 /* PaypalPaymentService.m */ = {isa = PBXFileReference; lastKnownFileType = sourcecode.c.objc; path = PaypalPaymentService.m; sourceTree = "<group>"; };
		FA7DC7C225F0D4CD00D258D8 /* ApplePaymentService.h */ = {isa = PBXFileReference; lastKnownFileType = sourcecode.c.h; path = ApplePaymentService.h; sourceTree = "<group>"; };
		FA7DC7C325F0D4CD00D258D8 /* ApplePaymentService.m */ = {isa = PBXFileReference; lastKnownFileType = sourcecode.c.objc; path = ApplePaymentService.m; sourceTree = "<group>"; };
/* End PBXFileReference section */

/* Begin PBXFrameworksBuildPhase section */
		FA7DC78525F02F9200D258D8 /* Frameworks */ = {
			isa = PBXFrameworksBuildPhase;
			buildActionMask = 2147483647;
			files = (
			);
			runOnlyForDeploymentPostprocessing = 0;
		};
/* End PBXFrameworksBuildPhase section */

/* Begin PBXGroup section */
		FA7DC77F25F02F9200D258D8 = {
			isa = PBXGroup;
			children = (
				FA7DC78A25F02F9200D258D8 /* Payments */,
				FA7DC78925F02F9200D258D8 /* Products */,
			);
			sourceTree = "<group>";
		};
		FA7DC78925F02F9200D258D8 /* Products */ = {
			isa = PBXGroup;
			children = (
				FA7DC78825F02F9200D258D8 /* Payments */,
			);
			name = Products;
			sourceTree = "<group>";
		};
		FA7DC78A25F02F9200D258D8 /* Payments */ = {
			isa = PBXGroup;
			children = (
				FA7DC7C125F0D4C000D258D8 /* Apple */,
				FA7DC7A925F04FAA00D258D8 /* Paypal */,
				FA7DC7A325F04F8700D258D8 /* Amazon */,
				FA7DC7A225F04F7900D258D8 /* Stripe */,
				FA7DC78B25F02F9200D258D8 /* main.m */,
				FA7DC79925F03CB500D258D8 /* PaymentGateway.h */,
				FA7DC79A25F03CB500D258D8 /* PaymentGateway.m */,
				FA7DC79325F0313D00D258D8 /* InputHandler.h */,
				FA7DC79425F0313D00D258D8 /* InputHandler.m */,
			);
			path = Payments;
			sourceTree = "<group>";
		};
		FA7DC7A225F04F7900D258D8 /* Stripe */ = {
			isa = PBXGroup;
			children = (
				FA7DC79E25F04F7200D258D8 /* StripePaymentService.h */,
				FA7DC79F25F04F7200D258D8 /* StripePaymentService.m */,
			);
			path = Stripe;
			sourceTree = "<group>";
		};
		FA7DC7A325F04F8700D258D8 /* Amazon */ = {
			isa = PBXGroup;
			children = (
				FA7DC7A425F04F9F00D258D8 /* AmazonPaymentService.h */,
				FA7DC7A525F04F9F00D258D8 /* AmazonPaymentService.m */,
			);
			path = Amazon;
			sourceTree = "<group>";
		};
		FA7DC7A925F04FAA00D258D8 /* Paypal */ = {
			isa = PBXGroup;
			children = (
				FA7DC7AA25F04FBD00D258D8 /* PaypalPaymentService.h */,
				FA7DC7AB25F04FBD00D258D8 /* PaypalPaymentService.m */,
			);
			path = Paypal;
			sourceTree = "<group>";
		};
		FA7DC7C125F0D4C000D258D8 /* Apple */ = {
			isa = PBXGroup;
			children = (
				FA7DC7C225F0D4CD00D258D8 /* ApplePaymentService.h */,
				FA7DC7C325F0D4CD00D258D8 /* ApplePaymentService.m */,
			);
			path = Apple;
			sourceTree = "<group>";
		};
/* End PBXGroup section */

/* Begin PBXNativeTarget section */
		FA7DC78725F02F9200D258D8 /* Payments */ = {
			isa = PBXNativeTarget;
			buildConfigurationList = FA7DC78F25F02F9200D258D8 /* Build configuration list for PBXNativeTarget "Payments" */;
			buildPhases = (
				FA7DC78425F02F9200D258D8 /* Sources */,
				FA7DC78525F02F9200D258D8 /* Frameworks */,
				FA7DC78625F02F9200D258D8 /* CopyFiles */,
			);
			buildRules = (
			);
			dependencies = (
			);
			name = Payments;
			productName = Payments;
			productReference = FA7DC78825F02F9200D258D8 /* Payments */;
			productType = "com.apple.product-type.tool";
		};
/* End PBXNativeTarget section */

/* Begin PBXProject section */
		FA7DC78025F02F9200D258D8 /* Project object */ = {
			isa = PBXProject;
			attributes = {
				LastUpgradeCheck = 1240;
				TargetAttributes = {
					FA7DC78725F02F9200D258D8 = {
						CreatedOnToolsVersion = 12.4;
					};
				};
			};
			buildConfigurationList = FA7DC78325F02F9200D258D8 /* Build configuration list for PBXProject "Payments" */;
			compatibilityVersion = "Xcode 9.3";
			developmentRegion = en;
			hasScannedForEncodings = 0;
			knownRegions = (
				en,
				Base,
			);
			mainGroup = FA7DC77F25F02F9200D258D8;
			productRefGroup = FA7DC78925F02F9200D258D8 /* Products */;
			projectDirPath = "";
			projectRoot = "";
			targets = (
				FA7DC78725F02F9200D258D8 /* Payments */,
			);
		};
/* End PBXProject section */

/* Begin PBXSourcesBuildPhase section */
		FA7DC78425F02F9200D258D8 /* Sources */ = {
			isa = PBXSourcesBuildPhase;
			buildActionMask = 2147483647;
			files = (
				FA7DC79B25F03CB500D258D8 /* PaymentGateway.m in Sources */,
				FA7DC7A625F04F9F00D258D8 /* AmazonPaymentService.m in Sources */,
				FA7DC78C25F02F9200D258D8 /* main.m in Sources */,
				FA7DC7C425F0D4CD00D258D8 /* ApplePaymentService.m in Sources */,
				FA7DC79525F0313D00D258D8 /* InputHandler.m in Sources */,
				FA7DC7A025F04F7200D258D8 /* StripePaymentService.m in Sources */,
				FA7DC7AC25F04FBD00D258D8 /* PaypalPaymentService.m in Sources */,
			);
			runOnlyForDeploymentPostprocessing = 0;
		};
/* End PBXSourcesBuildPhase section */

/* Begin XCBuildConfiguration section */
		FA7DC78D25F02F9200D258D8 /* Debug */ = {
			isa = XCBuildConfiguration;
			buildSettings = {
				ALWAYS_SEARCH_USER_PATHS = NO;
				CLANG_ANALYZER_NONNULL = YES;
				CLANG_ANALYZER_NUMBER_OBJECT_CONVERSION = YES_AGGRESSIVE;
				CLANG_CXX_LANGUAGE_STANDARD = "gnu++14";
				CLANG_CXX_LIBRARY = "libc++";
				CLANG_ENABLE_MODULES = YES;
				CLANG_ENABLE_OBJC_ARC = YES;
				CLANG_ENABLE_OBJC_WEAK = YES;
				CLANG_WARN_BLOCK_CAPTURE_AUTORELEASING = YES;
				CLANG_WARN_BOOL_CONVERSION = YES;
				CLANG_WARN_COMMA = YES;
				CLANG_WARN_CONSTANT_CONVERSION = YES;
				CLANG_WARN_DEPRECATED_OBJC_IMPLEMENTATIONS = YES;
				CLANG_WARN_DIRECT_OBJC_ISA_USAGE = YES_ERROR;
				CLANG_WARN_DOCUMENTATION_COMMENTS = YES;
				CLANG_WARN_EMPTY_BODY = YES;
				CLANG_WARN_ENUM_CONVERSION = YES;
				CLANG_WARN_INFINITE_RECURSION = YES;
				CLANG_WARN_INT_CONVERSION = YES;
				CLANG_WARN_NON_LITERAL_NULL_CONVERSION = YES;
				CLANG_WARN_OBJC_IMPLICIT_RETAIN_SELF = YES;
				CLANG_WARN_OBJC_LITERAL_CONVERSION = YES;
				CLANG_WARN_OBJC_ROOT_CLASS = YES_ERROR;
				CLANG_WARN_QUOTED_INCLUDE_IN_FRAMEWORK_HEADER = YES;
				CLANG_WARN_RANGE_LOOP_ANALYSIS = YES;
				CLANG_WARN_STRICT_PROTOTYPES = YES;
				CLANG_WARN_SUSPICIOUS_MOVE = YES;
				CLANG_WARN_UNGUARDED_AVAILABILITY = YES_AGGRESSIVE;
				CLANG_WARN_UNREACHABLE_CODE = YES;
				CLANG_WARN__DUPLICATE_METHOD_MATCH = YES;
				COPY_PHASE_STRIP = NO;
				DEBUG_INFORMATION_FORMAT = dwarf;
				ENABLE_STRICT_OBJC_MSGSEND = YES;
				ENABLE_TESTABILITY = YES;
				GCC_C_LANGUAGE_STANDARD = gnu11;
				GCC_DYNAMIC_NO_PIC = NO;
				GCC_NO_COMMON_BLOCKS = YES;
				GCC_OPTIMIZATION_LEVEL = 0;
				GCC_PREPROCESSOR_DEFINITIONS = (
					"DEBUG=1",
					"$(inherited)",
				);
				GCC_WARN_64_TO_32_BIT_CONVERSION = YES;
				GCC_WARN_ABOUT_RETURN_TYPE = YES_ERROR;
				GCC_WARN_UNDECLARED_SELECTOR = YES;
				GCC_WARN_UNINITIALIZED_AUTOS = YES_AGGRESSIVE;
				GCC_WARN_UNUSED_FUNCTION = YES;
				GCC_WARN_UNUSED_VARIABLE = YES;
				MACOSX_DEPLOYMENT_TARGET = 10.15;
				MTL_ENABLE_DEBUG_INFO = INCLUDE_SOURCE;
				MTL_FAST_MATH = YES;
				ONLY_ACTIVE_ARCH = YES;
				SDKROOT = macosx;
			};
			name = Debug;
		};
		FA7DC78E25F02F9200D258D8 /* Release */ = {
			isa = XCBuildConfiguration;
			buildSettings = {
				ALWAYS_SEARCH_USER_PATHS = NO;
				CLANG_ANALYZER_NONNULL = YES;
				CLANG_ANALYZER_NUMBER_OBJECT_CONVERSION = YES_AGGRESSIVE;
				CLANG_CXX_LANGUAGE_STANDARD = "gnu++14";
				CLANG_CXX_LIBRARY = "libc++";
				CLANG_ENABLE_MODULES = YES;
				CLANG_ENABLE_OBJC_ARC = YES;
				CLANG_ENABLE_OBJC_WEAK = YES;
				CLANG_WARN_BLOCK_CAPTURE_AUTORELEASING = YES;
				CLANG_WARN_BOOL_CONVERSION = YES;
				CLANG_WARN_COMMA = YES;
				CLANG_WARN_CONSTANT_CONVERSION = YES;
				CLANG_WARN_DEPRECATED_OBJC_IMPLEMENTATIONS = YES;
				CLANG_WARN_DIRECT_OBJC_ISA_USAGE = YES_ERROR;
				CLANG_WARN_DOCUMENTATION_COMMENTS = YES;
				CLANG_WARN_EMPTY_BODY = YES;
				CLANG_WARN_ENUM_CONVERSION = YES;
				CLANG_WARN_INFINITE_RECURSION = YES;
				CLANG_WARN_INT_CONVERSION = YES;
				CLANG_WARN_NON_LITERAL_NULL_CONVERSION = YES;
				CLANG_WARN_OBJC_IMPLICIT_RETAIN_SELF = YES;
				CLANG_WARN_OBJC_LITERAL_CONVERSION = YES;
				CLANG_WARN_OBJC_ROOT_CLASS = YES_ERROR;
				CLANG_WARN_QUOTED_INCLUDE_IN_FRAMEWORK_HEADER = YES;
				CLANG_WARN_RANGE_LOOP_ANALYSIS = YES;
				CLANG_WARN_STRICT_PROTOTYPES = YES;
				CLANG_WARN_SUSPICIOUS_MOVE = YES;
				CLANG_WARN_UNGUARDED_AVAILABILITY = YES_AGGRESSIVE;
				CLANG_WARN_UNREACHABLE_CODE = YES;
				CLANG_WARN__DUPLICATE_METHOD_MATCH = YES;
				COPY_PHASE_STRIP = NO;
				DEBUG_INFORMATION_FORMAT = "dwarf-with-dsym";
				ENABLE_NS_ASSERTIONS = NO;
				ENABLE_STRICT_OBJC_MSGSEND = YES;
				GCC_C_LANGUAGE_STANDARD = gnu11;
				GCC_NO_COMMON_BLOCKS = YES;
				GCC_WARN_64_TO_32_BIT_CONVERSION = YES;
				GCC_WARN_ABOUT_RETURN_TYPE = YES_ERROR;
				GCC_WARN_UNDECLARED_SELECTOR = YES;
				GCC_WARN_UNINITIALIZED_AUTOS = YES_AGGRESSIVE;
				GCC_WARN_UNUSED_FUNCTION = YES;
				GCC_WARN_UNUSED_VARIABLE = YES;
				MACOSX_DEPLOYMENT_TARGET = 10.15;
				MTL_ENABLE_DEBUG_INFO = NO;
				MTL_FAST_MATH = YES;
				SDKROOT = macosx;
			};
			name = Release;
		};
		FA7DC79025F02F9200D258D8 /* Debug */ = {
			isa = XCBuildConfiguration;
			buildSettings = {
				CODE_SIGN_STYLE = Automatic;
				DEVELOPMENT_TEAM = W84RFLPT9M;
				ENABLE_HARDENED_RUNTIME = YES;
				PRODUCT_NAME = "$(TARGET_NAME)";
			};
			name = Debug;
		};
		FA7DC79125F02F9200D258D8 /* Release */ = {
			isa = XCBuildConfiguration;
			buildSettings = {
				CODE_SIGN_STYLE = Automatic;
				DEVELOPMENT_TEAM = W84RFLPT9M;
				ENABLE_HARDENED_RUNTIME = YES;
				PRODUCT_NAME = "$(TARGET_NAME)";
			};
			name = Release;
		};
/* End XCBuildConfiguration section */

/* Begin XCConfigurationList section */
		FA7DC78325F02F9200D258D8 /* Build configuration list for PBXProject "Payments" */ = {
			isa = XCConfigurationList;
			buildConfigurations = (
				FA7DC78D25F02F9200D258D8 /* Debug */,
				FA7DC78E25F02F9200D258D8 /* Release */,
			);
			defaultConfigurationIsVisible = 0;
			defaultConfigurationName = Release;
		};
		FA7DC78F25F02F9200D258D8 /* Build configuration list for PBXNativeTarget "Payments" */ = {
			isa = XCConfigurationList;
			buildConfigurations = (
				FA7DC79025F02F9200D258D8 /* Debug */,
				FA7DC79125F02F9200D258D8 /* Release */,
			);
			defaultConfigurationIsVisible = 0;
			defaultConfigurationName = Release;
		};
/* End XCConfigurationList section */
	};
	rootObject = FA7DC78025F02F9200D258D8 /* Project object */;
}
